
Microsoft Visual Studio Solution File, Format Version 12.00
# Visual Studio 15
VisualStudioVersion = 15.0.28307.539
MinimumVisualStudioVersion = 10.0.40219.1
Project("{FAE04EC0-301F-11D3-BF4B-00C04F79EFBC}") = "WebApplication2", "WebApplication2\WebApplication2.csproj", "{523ECF24-40DB-4AE5-BB28-A96B178BC235}"
EndProject
Global
	GlobalSection(SolutionConfigurationPlatforms) = preSolution
		Debug|Any CPU = Debug|Any CPU
		Release|Any CPU = Release|Any CPU
	EndGlobalSection
	GlobalSection(ProjectConfigurationPlatforms) = postSolution
		{523ECF24-40DB-4AE5-BB28-A96B178BC235}.Debug|Any CPU.ActiveCfg = Debug|Any CPU
		{523ECF24-40DB-4AE5-BB28-A96B178BC235}.Debug|Any CPU.Build.0 = Debug|Any CPU
		{523ECF24-40DB-4AE5-BB28-A96B178BC235}.Release|Any CPU.ActiveCfg = Release|Any CPU
		{523ECF24-40DB-4AE5-BB28-A96B178BC235}.Release|Any CPU.Build.0 = Release|Any CPU
	EndGlobalSection
	GlobalSection(SolutionProperties) = preSolution
		HideSolutionNode = FALSE
	EndGlobalSection
	GlobalSection(ExtensibilityGlobals) = postSolution
		SolutionGuid = {98051FCE-AFED-4B8E-94F2-51B801D1AC33}
	EndGlobalSection
EndGlobal
